
Microsoft Visual Studio Solution File, Format Version 10.00
# Visual Studio 2008
Project("{FAE04EC0-301F-11D3-BF4B-00C04F79EFBC}") = "whoson", "whoson\whoson.csproj", "{147BADEC-75DF-4537-8F6D-89F1E2F1B56F}"
	ProjectSection(ProjectDependencies) = postProject
		{73EEA3C1-4FFD-4DA6-AF22-08693A080C69} = {73EEA3C1-4FFD-4DA6-AF22-08693A080C69}
	EndProjectSection
EndProject
Project("{FAE04EC0-301F-11D3-BF4B-00C04F79EFBC}") = "libwhoson", "libwhoson\libwhoson.csproj", "{73EEA3C1-4FFD-4DA6-AF22-08693A080C69}"
EndProject
Project("{FAE04EC0-301F-11D3-BF4B-00C04F79EFBC}") = "whosond", "whosond\whosond.csproj", "{FCFA75F2-502A-4128-BDAB-EA09EED1397B}"
	ProjectSection(ProjectDependencies) = postProject
		{73EEA3C1-4FFD-4DA6-AF22-08693A080C69} = {73EEA3C1-4FFD-4DA6-AF22-08693A080C69}
	EndProjectSection
EndProject
Project("{2150E333-8FDC-42A3-9474-1A3956D46DE8}") = "Solution Items", "Solution Items", "{C02592D7-7BD1-499A-8A58-3240C6E5D2C4}"
	ProjectSection(SolutionItems) = preProject
		AUTHENTICATION.txt = AUTHENTICATION.txt
		COPYING.rtf = COPYING.rtf
		README.txt = README.txt
		UNATTENDED.txt = UNATTENDED.txt
	EndProjectSection
EndProject
Project("{54435603-DBB4-11D2-8724-00A0C9A8B90C}") = "Setup", "Setup\Setup.vdproj", "{58BA735A-5672-416B-A281-9C4F4F83CD27}"
EndProject
Global
	GlobalSection(SolutionConfigurationPlatforms) = preSolution
		Debug|Any CPU = Debug|Any CPU
		Release|Any CPU = Release|Any CPU
	EndGlobalSection
	GlobalSection(ProjectConfigurationPlatforms) = postSolution
		{147BADEC-75DF-4537-8F6D-89F1E2F1B56F}.Debug|Any CPU.ActiveCfg = Debug|Any CPU
		{147BADEC-75DF-4537-8F6D-89F1E2F1B56F}.Debug|Any CPU.Build.0 = Debug|Any CPU
		{147BADEC-75DF-4537-8F6D-89F1E2F1B56F}.Release|Any CPU.ActiveCfg = Release|Any CPU
		{147BADEC-75DF-4537-8F6D-89F1E2F1B56F}.Release|Any CPU.Build.0 = Release|Any CPU
		{73EEA3C1-4FFD-4DA6-AF22-08693A080C69}.Debug|Any CPU.ActiveCfg = Debug|Any CPU
		{73EEA3C1-4FFD-4DA6-AF22-08693A080C69}.Debug|Any CPU.Build.0 = Debug|Any CPU
		{73EEA3C1-4FFD-4DA6-AF22-08693A080C69}.Release|Any CPU.ActiveCfg = Release|Any CPU
		{73EEA3C1-4FFD-4DA6-AF22-08693A080C69}.Release|Any CPU.Build.0 = Release|Any CPU
		{FCFA75F2-502A-4128-BDAB-EA09EED1397B}.Debug|Any CPU.ActiveCfg = Debug|Any CPU
		{FCFA75F2-502A-4128-BDAB-EA09EED1397B}.Debug|Any CPU.Build.0 = Debug|Any CPU
		{FCFA75F2-502A-4128-BDAB-EA09EED1397B}.Release|Any CPU.ActiveCfg = Release|Any CPU
		{FCFA75F2-502A-4128-BDAB-EA09EED1397B}.Release|Any CPU.Build.0 = Release|Any CPU
		{58BA735A-5672-416B-A281-9C4F4F83CD27}.Debug|Any CPU.ActiveCfg = Debug
		{58BA735A-5672-416B-A281-9C4F4F83CD27}.Release|Any CPU.ActiveCfg = Release
	EndGlobalSection
	GlobalSection(SolutionProperties) = preSolution
		HideSolutionNode = FALSE
	EndGlobalSection
EndGlobal
